{
  "name": "nodejsuploader",
  "version": "0.0.0",
  "lockfileVersion": 1,
  "requires": true,
  "dependencies": {
    "asn1": {
      "version": "0.1.11",
      "resolved": "https://registry.npmjs.org/asn1/-/asn1-0.1.11.tgz",
      "integrity": "sha1-VZvhg3bQik7E2+gId9J4GGObLfc="
    },
    "assert-plus": {
      "version": "0.1.5",
      "resolved": "https://registry.npmjs.org/assert-plus/-/assert-plus-0.1.5.tgz",
      "integrity": "sha1-7nQAlBMALYTOxyGcasgRgS5yMWA="
    },
    "async": {
      "version": "0.2.10",
      "resolved": "https://registry.npmjs.org/async/-/async-0.2.10.tgz",
      "integrity": "sha1-trvgsGdLnXGXCMo43owjfLUmw9E="
    },
    "aws-sign": {
      "version": "0.2.0",
      "resolved": "https://registry.npmjs.org/aws-sign/-/aws-sign-0.2.0.tgz",
      "integrity": "sha1-xVAThWyBlOyFSgy+yQqrWgTOOsU="
    },
    "boom": {
      "version": "0.3.8",
      "resolved": "https://registry.npmjs.org/boom/-/boom-0.3.8.tgz",
      "integrity": "sha1-yM2wQUNZEnQWKMBE7Mcy0dF8Ceo=",
      "requires": {
        "hoek": "0.7.x"
      }
    },
    "combined-stream": {
      "version": "0.0.7",
      "resolved": "https://registry.npmjs.org/combined-stream/-/combined-stream-0.0.7.tgz",
      "integrity": "sha1-ATfmV7qlp1QcV6w3rF/AfXO03B8=",
      "requires": {
        "delayed-stream": "0.0.5"
      }
    },
    "cookie-jar": {
      "version": "0.2.0",
      "resolved": "https://registry.npmjs.org/cookie-jar/-/cookie-jar-0.2.0.tgz",
      "integrity": "sha1-ZOzAasl423leS1KQy+SLo3gUAPo="
    },
    "cryptiles": {
      "version": "0.1.3",
      "resolved": "https://registry.npmjs.org/cryptiles/-/cryptiles-0.1.3.tgz",
      "integrity": "sha1-GlVnNPBtJLo0hirpy55wmjr7/xw=",
      "requires": {
        "boom": "0.3.x"
      }
    },
    "ctype": {
      "version": "0.5.3",
      "resolved": "https://registry.npmjs.org/ctype/-/ctype-0.5.3.tgz",
      "integrity": "sha1-gsGMJGH3QRTvFsE1IkrQuRRMoS8="
    },
    "delayed-stream": {
      "version": "0.0.5",
      "resolved": "https://registry.npmjs.org/delayed-stream/-/delayed-stream-0.0.5.tgz",
      "integrity": "sha1-1LH0OpPoKW3+AmlPRoC8N6MTxz8="
    },
    "errs": {
      "version": "0.2.4",
      "resolved": "https://registry.npmjs.org/errs/-/errs-0.2.4.tgz",
      "integrity": "sha1-SMzv7JT9PmE9ZGmEDdHAOJN5g/Y="
    },
    "follow": {
      "version": "0.9.0",
      "resolved": "https://registry.npmjs.org/follow/-/follow-0.9.0.tgz",
      "integrity": "sha1-gOtoG6H/lFcBw6vt1P9k43dK0Bw=",
      "requires": {
        "request": "~2.16.2"
      },
      "dependencies": {
        "request": {
          "version": "2.16.6",
          "resolved": "https://registry.npmjs.org/request/-/request-2.16.6.tgz",
          "integrity": "sha1-hy/kRa5y3iZrN4edatfclI+gHK0=",
          "requires": {
            "aws-sign": "~0.2.0",
            "cookie-jar": "~0.2.0",
            "forever-agent": "~0.2.0",
            "form-data": "~0.0.3",
            "hawk": "~0.10.2",
            "json-stringify-safe": "~3.0.0",
            "mime": "~1.2.7",
            "node-uuid": "~1.4.0",
            "oauth-sign": "~0.2.0",
            "qs": "~0.5.4",
            "tunnel-agent": "~0.2.0"
          }
        }
      }
    },
    "forever-agent": {
      "version": "0.2.0",
      "resolved": "https://registry.npmjs.org/forever-agent/-/forever-agent-0.2.0.tgz",
      "integrity": "sha1-4cJcetROCcOPIzh2x2/MJP+EOx8="
    },
    "form-data": {
      "version": "0.0.10",
      "resolved": "https://registry.npmjs.org/form-data/-/form-data-0.0.10.tgz",
      "integrity": "sha1-2zRaU3jYau6x7V1VO4aawZLS9e0=",
      "requires": {
        "async": "~0.2.7",
        "combined-stream": "~0.0.4",
        "mime": "~1.2.2"
      }
    },
    "hawk": {
      "version": "0.10.2",
      "resolved": "https://registry.npmjs.org/hawk/-/hawk-0.10.2.tgz",
      "integrity": "sha1-mzYd7pWpMWQObVBOBWCaj8OsRdI=",
      "requires": {
        "boom": "0.3.x",
        "cryptiles": "0.1.x",
        "hoek": "0.7.x",
        "sntp": "0.1.x"
      }
    },
    "hoek": {
      "version": "0.7.6",
      "resolved": "https://registry.npmjs.org/hoek/-/hoek-0.7.6.tgz",
      "integrity": "sha1-YPvZBFV1Qc0rh5Wr8wihs3cOFVo="
    },
    "http-signature": {
      "version": "0.10.1",
      "resolved": "https://registry.npmjs.org/http-signature/-/http-signature-0.10.1.tgz",
      "integrity": "sha1-T72sEyVZqoMjEh5UB3nAoBKyfmY=",
      "requires": {
        "asn1": "0.1.11",
        "assert-plus": "^0.1.5",
        "ctype": "0.5.3"
      }
    },
    "json-stringify-safe": {
      "version": "3.0.0",
      "resolved": "https://registry.npmjs.org/json-stringify-safe/-/json-stringify-safe-3.0.0.tgz",
      "integrity": "sha1-nbew5TDH8onF6MhDKvGRwv91pbM="
    },
    "mime": {
      "version": "1.2.11",
      "resolved": "https://registry.npmjs.org/mime/-/mime-1.2.11.tgz",
      "integrity": "sha1-WCA+7Ybjpe8XrtK32evUfwpg3RA="
    },
    "nano": {
      "version": "4.1.4",
      "resolved": "https://registry.npmjs.org/nano/-/nano-4.1.4.tgz",
      "integrity": "sha1-VRxzcIshC6i24KuRp3cCCecTN40=",
      "requires": {
        "errs": "~0.2.4",
        "follow": "~0.9.0",
        "request": "~2.27.0",
        "underscore": "~1.5.1"
      },
      "dependencies": {
        "underscore": {
          "version": "1.5.2",
          "resolved": "https://registry.npmjs.org/underscore/-/underscore-1.5.2.tgz",
          "integrity": "sha1-EzXF5PXm0zu7SwBrqMhqAPVW3gg="
        }
      }
    },
    "node-uuid": {
      "version": "1.4.8",
      "resolved": "https://registry.npmjs.org/node-uuid/-/node-uuid-1.4.8.tgz",
      "integrity": "sha1-sEDrCSOWivq/jTL7HxfxFn/auQc="
    },
    "oauth-sign": {
      "version": "0.2.0",
      "resolved": "https://registry.npmjs.org/oauth-sign/-/oauth-sign-0.2.0.tgz",
      "integrity": "sha1-oOahcV2u0GLzIrYit/5a/RA1tuI="
    },
    "qs": {
      "version": "0.5.6",
      "resolved": "https://registry.npmjs.org/qs/-/qs-0.5.6.tgz",
      "integrity": "sha1-MbGtBYVnZRxSaSFQa5qHk5EaA4Q="
    },
    "request": {
      "version": "2.27.0",
      "resolved": "https://registry.npmjs.org/request/-/request-2.27.0.tgz",
      "integrity": "sha1-37GiJN06Wput5DNwElA9cQ5Thmg=",
      "requires": {
        "aws-sign": "~0.3.0",
        "cookie-jar": "~0.3.0",
        "forever-agent": "~0.5.0",
        "form-data": "~0.1.0",
        "hawk": "~1.0.0",
        "http-signature": "~0.10.0",
        "json-stringify-safe": "~5.0.0",
        "mime": "~1.2.9",
        "node-uuid": "~1.4.0",
        "oauth-sign": "~0.3.0",
        "qs": "~0.6.0",
        "tunnel-agent": "~0.3.0"
      },
      "dependencies": {
        "async": {
          "version": "0.9.2",
          "resolved": "https://registry.npmjs.org/async/-/async-0.9.2.tgz",
          "integrity": "sha1-rqdNXmHB+JlhO/ZL2mbUx48v0X0="
        },
        "aws-sign": {
          "version": "0.3.0",
          "resolved": "https://registry.npmjs.org/aws-sign/-/aws-sign-0.3.0.tgz",
          "integrity": "sha1-PYHKabR0seFlGHKLUcJP8Lvtxuk="
        },
        "boom": {
          "version": "0.4.2",
          "resolved": "https://registry.npmjs.org/boom/-/boom-0.4.2.tgz",
          "integrity": "sha1-emNune1O/O+xnO9JR6PGffrukRs=",
          "requires": {
            "hoek": "0.9.x"
          }
        },
        "cookie-jar": {
          "version": "0.3.0",
          "resolved": "https://registry.npmjs.org/cookie-jar/-/cookie-jar-0.3.0.tgz",
          "integrity": "sha1-vJon1OK5fhhs1XyeIGPLmfpozMw="
        },
        "cryptiles": {
          "version": "0.2.2",
          "resolved": "https://registry.npmjs.org/cryptiles/-/cryptiles-0.2.2.tgz",
          "integrity": "sha1-7ZH/HxetE9N0gohZT4pIoNJvMlw=",
          "requires": {
            "boom": "0.4.x"
          }
        },
        "forever-agent": {
          "version": "0.5.2",
          "resolved": "https://registry.npmjs.org/forever-agent/-/forever-agent-0.5.2.tgz",
          "integrity": "sha1-bQ4JxJIflKJ/Y9O0nF/v8epMUTA="
        },
        "form-data": {
          "version": "0.1.4",
          "resolved": "https://registry.npmjs.org/form-data/-/form-data-0.1.4.tgz",
          "integrity": "sha1-kavXiKupcCsaq/qLwBAxoqyeOxI=",
          "requires": {
            "async": "~0.9.0",
            "combined-stream": "~0.0.4",
            "mime": "~1.2.11"
          }
        },
        "hawk": {
          "version": "1.0.0",
          "resolved": "https://registry.npmjs.org/hawk/-/hawk-1.0.0.tgz",
          "integrity": "sha1-uQuxaYByhUEdp//LjdJZhQLTtS0=",
          "requires": {
            "boom": "0.4.x",
            "cryptiles": "0.2.x",
            "hoek": "0.9.x",
            "sntp": "0.2.x"
          }
        },
        "hoek": {
          "version": "0.9.1",
          "resolved": "https://registry.npmjs.org/hoek/-/hoek-0.9.1.tgz",
          "integrity": "sha1-PTIkYrrfB3Fup+uFuviAec3c5QU="
        },
        "json-stringify-safe": {
          "version": "5.0.1",
          "resolved": "https://registry.npmjs.org/json-stringify-safe/-/json-stringify-safe-5.0.1.tgz",
          "integrity": "sha1-Epai1Y/UXxmg9s4B1lcB4sc1tus="
        },
        "oauth-sign": {
          "version": "0.3.0",
          "resolved": "https://registry.npmjs.org/oauth-sign/-/oauth-sign-0.3.0.tgz",
          "integrity": "sha1-y1QPk7srIqfVlBaRoojWDo6pOG4="
        },
        "qs": {
          "version": "0.6.6",
          "resolved": "https://registry.npmjs.org/qs/-/qs-0.6.6.tgz",
          "integrity": "sha1-bgFQmP9RlouKPIGQAdXyyJvEsQc="
        },
        "sntp": {
          "version": "0.2.4",
          "resolved": "https://registry.npmjs.org/sntp/-/sntp-0.2.4.tgz",
          "integrity": "sha1-+4hfGLDzqtGJ+CSGJTa87ux1CQA=",
          "requires": {
            "hoek": "0.9.x"
          }
        },
        "tunnel-agent": {
          "version": "0.3.0",
          "resolved": "https://registry.npmjs.org/tunnel-agent/-/tunnel-agent-0.3.0.tgz",
          "integrity": "sha1-rWgbaPUyGtKCfEz7G31d8s/pQu4="
        }
      }
    },
    "sntp": {
      "version": "0.1.4",
      "resolved": "https://registry.npmjs.org/sntp/-/sntp-0.1.4.tgz",
      "integrity": "sha1-XvSBuVGnspr/30r9fyaDj8ESD4Q=",
      "requires": {
        "hoek": "0.7.x"
      }
    },
    "tunnel-agent": {
      "version": "0.2.0",
      "resolved": "https://registry.npmjs.org/tunnel-agent/-/tunnel-agent-0.2.0.tgz",
      "integrity": "sha1-aFPCr7GyEJ5FYp5JK9419Fnqaeg="
    },
    "underscore": {
      "version": "1.12.1",
      "resolved": "https://registry.npmjs.org/underscore/-/underscore-1.12.1.tgz",
      "integrity": "sha512-hEQt0+ZLDVUMhebKxL4x1BTtDY7bavVofhZ9KZ4aI26X9SRaE+Y3m83XUL1UP2jn8ynjndwCCpEHdUG+9pP1Tw=="
    }
  }
}
